
Microsoft Visual Studio Solution File, Format Version 12.00
# Visual Studio Version 17
VisualStudioVersion = 17.7.34024.191
MinimumVisualStudioVersion = 10.0.40219.1
Project("{FAE04EC0-301F-11D3-BF4B-00C04F79EFBC}") = "RabbitMQ.Consumer", "RabbitMQ.Consumer.csproj", "{9C9F675D-2AEF-4918-A1FF-688086F57EAB}"
EndProject
Global
	GlobalSection(SolutionConfigurationPlatforms) = preSolution
		Debug|Any CPU = Debug|Any CPU
		Release|Any CPU = Release|Any CPU
	EndGlobalSection
	GlobalSection(ProjectConfigurationPlatforms) = postSolution
		{9C9F675D-2AEF-4918-A1FF-688086F57EAB}.Debug|Any CPU.ActiveCfg = Debug|Any CPU
		{9C9F675D-2AEF-4918-A1FF-688086F57EAB}.Debug|Any CPU.Build.0 = Debug|Any CPU
		{9C9F675D-2AEF-4918-A1FF-688086F57EAB}.Release|Any CPU.ActiveCfg = Release|Any CPU
		{9C9F675D-2AEF-4918-A1FF-688086F57EAB}.Release|Any CPU.Build.0 = Release|Any CPU
	EndGlobalSection
	GlobalSection(SolutionProperties) = preSolution
		HideSolutionNode = FALSE
	EndGlobalSection
	GlobalSection(ExtensibilityGlobals) = postSolution
		SolutionGuid = {61392734-2CED-43C5-96B8-66C14A926BCB}
	EndGlobalSection
EndGlobal
